
Microsoft Visual Studio Solution File, Format Version 12.00
Project("{2150E333-8FDC-42A3-9474-1A3956D46DE8}") = "src", "src", "{2BEFED18-375F-445F-A9EF-28AFA2D0A83B}"
EndProject
Project("{FAE04EC0-301F-11D3-BF4B-00C04F79EFBC}") = "Biya.Core", "Biya.Core\Biya.Core.csproj", "{EE0BC73B-5BFB-41FA-AE95-79AD9E241499}"
EndProject
Project("{FAE04EC0-301F-11D3-BF4B-00C04F79EFBC}") = "Biya.Ddd.Domain", "Biya.Ddd.Domain\Biya.Ddd.Domain.csproj", "{4AB7B19C-BC9E-44B0-B7FC-E85C030EA4EA}"
EndProject
Project("{FAE04EC0-301F-11D3-BF4B-00C04F79EFBC}") = "Biya.MultiTenancy", "Biya.MultiTenancy\Biya.MultiTenancy.csproj", "{C6212E34-8E3E-411A-BB60-99A5225BA22F}"
EndProject
Project("{FAE04EC0-301F-11D3-BF4B-00C04F79EFBC}") = "Biya.MultiTenancy.Abstractions", "Biya.MultiTenancy.Abstractions\Biya.MultiTenancy.Abstractions.csproj", "{5E41D1FF-DB97-4A3C-AC9F-E7C33461F3A2}"
EndProject
Project("{FAE04EC0-301F-11D3-BF4B-00C04F79EFBC}") = "Biya.OrganizationUnit", "Biya.OrganizationUnit\Biya.OrganizationUnit.csproj", "{D13EC7EF-B0F9-4D07-92CE-F9DE4BC2761B}"
EndProject
Project("{FAE04EC0-301F-11D3-BF4B-00C04F79EFBC}") = "Biya.OrganizationUnit.Abstractions", "Biya.OrganizationUnit.Abstractions\Biya.OrganizationUnit.Abstractions.csproj", "{2DB9D3D2-F2FF-44AA-BCB7-FD5DDF3AAB83}"
EndProject
Global
	GlobalSection(SolutionConfigurationPlatforms) = preSolution
		Debug|Any CPU = Debug|Any CPU
		Release|Any CPU = Release|Any CPU
	EndGlobalSection
	GlobalSection(ProjectConfigurationPlatforms) = postSolution
		{EE0BC73B-5BFB-41FA-AE95-79AD9E241499}.Debug|Any CPU.ActiveCfg = Debug|Any CPU
		{EE0BC73B-5BFB-41FA-AE95-79AD9E241499}.Debug|Any CPU.Build.0 = Debug|Any CPU
		{EE0BC73B-5BFB-41FA-AE95-79AD9E241499}.Release|Any CPU.ActiveCfg = Release|Any CPU
		{EE0BC73B-5BFB-41FA-AE95-79AD9E241499}.Release|Any CPU.Build.0 = Release|Any CPU
		{4AB7B19C-BC9E-44B0-B7FC-E85C030EA4EA}.Debug|Any CPU.ActiveCfg = Debug|Any CPU
		{4AB7B19C-BC9E-44B0-B7FC-E85C030EA4EA}.Debug|Any CPU.Build.0 = Debug|Any CPU
		{4AB7B19C-BC9E-44B0-B7FC-E85C030EA4EA}.Release|Any CPU.ActiveCfg = Release|Any CPU
		{4AB7B19C-BC9E-44B0-B7FC-E85C030EA4EA}.Release|Any CPU.Build.0 = Release|Any CPU
		{C6212E34-8E3E-411A-BB60-99A5225BA22F}.Debug|Any CPU.ActiveCfg = Debug|Any CPU
		{C6212E34-8E3E-411A-BB60-99A5225BA22F}.Debug|Any CPU.Build.0 = Debug|Any CPU
		{C6212E34-8E3E-411A-BB60-99A5225BA22F}.Release|Any CPU.ActiveCfg = Release|Any CPU
		{C6212E34-8E3E-411A-BB60-99A5225BA22F}.Release|Any CPU.Build.0 = Release|Any CPU
		{5E41D1FF-DB97-4A3C-AC9F-E7C33461F3A2}.Debug|Any CPU.ActiveCfg = Debug|Any CPU
		{5E41D1FF-DB97-4A3C-AC9F-E7C33461F3A2}.Debug|Any CPU.Build.0 = Debug|Any CPU
		{5E41D1FF-DB97-4A3C-AC9F-E7C33461F3A2}.Release|Any CPU.ActiveCfg = Release|Any CPU
		{5E41D1FF-DB97-4A3C-AC9F-E7C33461F3A2}.Release|Any CPU.Build.0 = Release|Any CPU
		{D13EC7EF-B0F9-4D07-92CE-F9DE4BC2761B}.Debug|Any CPU.ActiveCfg = Debug|Any CPU
		{D13EC7EF-B0F9-4D07-92CE-F9DE4BC2761B}.Debug|Any CPU.Build.0 = Debug|Any CPU
		{D13EC7EF-B0F9-4D07-92CE-F9DE4BC2761B}.Release|Any CPU.ActiveCfg = Release|Any CPU
		{D13EC7EF-B0F9-4D07-92CE-F9DE4BC2761B}.Release|Any CPU.Build.0 = Release|Any CPU
		{2DB9D3D2-F2FF-44AA-BCB7-FD5DDF3AAB83}.Debug|Any CPU.ActiveCfg = Debug|Any CPU
		{2DB9D3D2-F2FF-44AA-BCB7-FD5DDF3AAB83}.Debug|Any CPU.Build.0 = Debug|Any CPU
		{2DB9D3D2-F2FF-44AA-BCB7-FD5DDF3AAB83}.Release|Any CPU.ActiveCfg = Release|Any CPU
		{2DB9D3D2-F2FF-44AA-BCB7-FD5DDF3AAB83}.Release|Any CPU.Build.0 = Release|Any CPU
	EndGlobalSection
	GlobalSection(NestedProjects) = preSolution
		{EE0BC73B-5BFB-41FA-AE95-79AD9E241499} = {2BEFED18-375F-445F-A9EF-28AFA2D0A83B}
		{4AB7B19C-BC9E-44B0-B7FC-E85C030EA4EA} = {2BEFED18-375F-445F-A9EF-28AFA2D0A83B}
		{C6212E34-8E3E-411A-BB60-99A5225BA22F} = {2BEFED18-375F-445F-A9EF-28AFA2D0A83B}
		{5E41D1FF-DB97-4A3C-AC9F-E7C33461F3A2} = {2BEFED18-375F-445F-A9EF-28AFA2D0A83B}
		{D13EC7EF-B0F9-4D07-92CE-F9DE4BC2761B} = {2BEFED18-375F-445F-A9EF-28AFA2D0A83B}
		{2DB9D3D2-F2FF-44AA-BCB7-FD5DDF3AAB83} = {2BEFED18-375F-445F-A9EF-28AFA2D0A83B}
	EndGlobalSection
EndGlobal
