
Microsoft Visual Studio Solution File, Format Version 12.00
Project("{FAE04EC0-301F-11D3-BF4B-00C04F79EFBC}") = "YBB.OpenIddict", "YBB.OpenIddict\YBB.OpenIddict.csproj", "{D0C6EC9E-6E54-4B66-A041-AF80F35E9BA2}"
EndProject
Global
	GlobalSection(SolutionConfigurationPlatforms) = preSolution
		Debug|Any CPU = Debug|Any CPU
		Release|Any CPU = Release|Any CPU
	EndGlobalSection
	GlobalSection(ProjectConfigurationPlatforms) = postSolution
		{D0C6EC9E-6E54-4B66-A041-AF80F35E9BA2}.Debug|Any CPU.ActiveCfg = Debug|Any CPU
		{D0C6EC9E-6E54-4B66-A041-AF80F35E9BA2}.Debug|Any CPU.Build.0 = Debug|Any CPU
		{D0C6EC9E-6E54-4B66-A041-AF80F35E9BA2}.Release|Any CPU.ActiveCfg = Release|Any CPU
		{D0C6EC9E-6E54-4B66-A041-AF80F35E9BA2}.Release|Any CPU.Build.0 = Release|Any CPU
	EndGlobalSection
EndGlobal
